
Microsoft Visual Studio Solution File, Format Version 12.00
# Visual Studio Version 16
VisualStudioVersion = 16.0.33529.622
MinimumVisualStudioVersion = 10.0.40219.1
Project("{FAE04EC0-301F-11D3-BF4B-00C04F79EFBC}") = "MyBackery", "MyBackery\MyBackery.csproj", "{BC5567B7-7757-46F3-BD41-B07CD9F4A11F}"
EndProject
Global
	GlobalSection(SolutionConfigurationPlatforms) = preSolution
		Debug|Any CPU = Debug|Any CPU
		Release|Any CPU = Release|Any CPU
	EndGlobalSection
	GlobalSection(ProjectConfigurationPlatforms) = postSolution
		{BC5567B7-7757-46F3-BD41-B07CD9F4A11F}.Debug|Any CPU.ActiveCfg = Debug|Any CPU
		{BC5567B7-7757-46F3-BD41-B07CD9F4A11F}.Debug|Any CPU.Build.0 = Debug|Any CPU
		{BC5567B7-7757-46F3-BD41-B07CD9F4A11F}.Release|Any CPU.ActiveCfg = Release|Any CPU
		{BC5567B7-7757-46F3-BD41-B07CD9F4A11F}.Release|Any CPU.Build.0 = Release|Any CPU
	EndGlobalSection
	GlobalSection(SolutionProperties) = preSolution
		HideSolutionNode = FALSE
	EndGlobalSection
	GlobalSection(ExtensibilityGlobals) = postSolution
		SolutionGuid = {0F00F202-C0F9-479E-97CD-8EEDE920E6D9}
	EndGlobalSection
EndGlobal
